
Microsoft Visual Studio Solution File, Format Version 12.00
Project("{FAE04EC0-301F-11D3-BF4B-00C04F79EFBC}") = "Assignment 1", "Assignment 1\Assignment 1.csproj", "{8755131B-2857-4993-9B27-4C3F19DD14DD}"
EndProject
Global
	GlobalSection(SolutionConfigurationPlatforms) = preSolution
		Debug|Any CPU = Debug|Any CPU
		Release|Any CPU = Release|Any CPU
	EndGlobalSection
	GlobalSection(ProjectConfigurationPlatforms) = postSolution
		{8755131B-2857-4993-9B27-4C3F19DD14DD}.Debug|Any CPU.ActiveCfg = Debug|Any CPU
		{8755131B-2857-4993-9B27-4C3F19DD14DD}.Debug|Any CPU.Build.0 = Debug|Any CPU
		{8755131B-2857-4993-9B27-4C3F19DD14DD}.Release|Any CPU.ActiveCfg = Release|Any CPU
		{8755131B-2857-4993-9B27-4C3F19DD14DD}.Release|Any CPU.Build.0 = Release|Any CPU
	EndGlobalSection
EndGlobal
